// !$*UTF8*$!
{
	archiveVersion = 1;
	classes = {
	};
	objectVersion = 48;
	objects = {

/* Begin PBXBuildFile section */
		391FE2A222D808AE0078BC00 /* AppDelegate.swift in Sources */ = {isa = PBXBuildFile; fileRef = 391FE2A122D808AE0078BC00 /* AppDelegate.swift */; };
		391FE2A422D808AE0078BC00 /* ViewController.swift in Sources */ = {isa = PBXBuildFile; fileRef = 391FE2A322D808AE0078BC00 /* ViewController.swift */; };
		391FE2A722D808AE0078BC00 /* Main.storyboard in Resources */ = {isa = PBXBuildFile; fileRef = 391FE2A522D808AE0078BC00 /* Main.storyboard */; };
		391FE2A922D808AE0078BC00 /* Assets.xcassets in Resources */ = {isa = PBXBuildFile; fileRef = 391FE2A822D808AE0078BC00 /* Assets.xcassets */; };
		391FE2AC22D808AE0078BC00 /* LaunchScreen.storyboard in Resources */ = {isa = PBXBuildFile; fileRef = 391FE2AA22D808AE0078BC00 /* LaunchScreen.storyboard */; };
		391FE2B422D80B460078BC00 /* icons8-check-50.png in Resources */ = {isa = PBXBuildFile; fileRef = 391FE2B322D80B450078BC00 /* icons8-check-50.png */; };
		391FE2B622D80CA20078BC00 /* pngtree-hard-textured-strokes-rose-dan-gold-color-png-image_1532285.jpg in Resources */ = {isa = PBXBuildFile; fileRef = 391FE2B522D80CA20078BC00 /* pngtree-hard-textured-strokes-rose-dan-gold-color-png-image_1532285.jpg */; };
		391FE2B822D80D190078BC00 /* icons8-reading-50.png in Resources */ = {isa = PBXBuildFile; fileRef = 391FE2B722D80D190078BC00 /* icons8-reading-50.png */; };
		391FE2BA22D80E650078BC00 /* 5acbd9a8f1c84_thumb900.png in Resources */ = {isa = PBXBuildFile; fileRef = 391FE2B922D80E650078BC00 /* 5acbd9a8f1c84_thumb900.png */; };
		391FE2BC22D80F160078BC00 /* 43-435421_abstract-png-high-quality-image-blue-background-for.png in Resources */ = {isa = PBXBuildFile; fileRef = 391FE2BB22D80F160078BC00 /* 43-435421_abstract-png-high-quality-image-blue-background-for.png */; };
/* End PBXBuildFile section */

/* Begin PBXFileReference section */
		391FE29E22D808AE0078BC00 /* C0751731_MidTerm_MAD3115S2019.app */ = {isa = PBXFileReference; explicitFileType = wrapper.application; includeInIndex = 0; path = C0751731_MidTerm_MAD3115S2019.app; sourceTree = BUILT_PRODUCTS_DIR; };
		391FE2A122D808AE0078BC00 /* AppDelegate.swift */ = {isa = PBXFileReference; lastKnownFileType = sourcecode.swift; path = AppDelegate.swift; sourceTree = "<group>"; };
		391FE2A322D808AE0078BC00 /* ViewController.swift */ = {isa = PBXFileReference; lastKnownFileType = sourcecode.swift; path = ViewController.swift; sourceTree = "<group>"; };
		391FE2A622D808AE0078BC00 /* Base */ = {isa = PBXFileReference; lastKnownFileType = file.storyboard; name = Base; path = Base.lproj/Main.storyboard; sourceTree = "<group>"; };
		391FE2A822D808AE0078BC00 /* Assets.xcassets */ = {isa = PBXFileReference; lastKnownFileType = folder.assetcatalog; path = Assets.xcassets; sourceTree = "<group>"; };
		391FE2AB22D808AE0078BC00 /* Base */ = {isa = PBXFileReference; lastKnownFileType = file.storyboard; name = Base; path = Base.lproj/LaunchScreen.storyboard; sourceTree = "<group>"; };
		391FE2AD22D808AE0078BC00 /* Info.plist */ = {isa = PBXFileReference; lastKnownFileType = text.plist.xml; path = Info.plist; sourceTree = "<group>"; };
		391FE2B322D80B450078BC00 /* icons8-check-50.png */ = {isa = PBXFileReference; lastKnownFileType = image.png; path = "icons8-check-50.png"; sourceTree = "<group>"; };
		391FE2B522D80CA20078BC00 /* pngtree-hard-textured-strokes-rose-dan-gold-color-png-image_1532285.jpg */ = {isa = PBXFileReference; lastKnownFileType = image.jpeg; path = "pngtree-hard-textured-strokes-rose-dan-gold-color-png-image_1532285.jpg"; sourceTree = "<group>"; };
		391FE2B722D80D190078BC00 /* icons8-reading-50.png */ = {isa = PBXFileReference; lastKnownFileType = image.png; path = "icons8-reading-50.png"; sourceTree = "<group>"; };
		391FE2B922D80E650078BC00 /* 5acbd9a8f1c84_thumb900.png */ = {isa = PBXFileReference; lastKnownFileType = image.png; path = 5acbd9a8f1c84_thumb900.png; sourceTree = "<group>"; };
		391FE2BB22D80F160078BC00 /* 43-435421_abstract-png-high-quality-image-blue-background-for.png */ = {isa = PBXFileReference; lastKnownFileType = image.png; path = "43-435421_abstract-png-high-quality-image-blue-background-for.png"; sourceTree = "<group>"; };
/* End PBXFileReference section */

/* Begin PBXFrameworksBuildPhase section */
		391FE29B22D808AE0078BC00 /* Frameworks */ = {
			isa = PBXFrameworksBuildPhase;
			buildActionMask = 2147483647;
			files = (
			);
			runOnlyForDeploymentPostprocessing = 0;
		};
/* End PBXFrameworksBuildPhase section */

/* Begin PBXGroup section */
		391FE29522D808AE0078BC00 = {
			isa = PBXGroup;
			children = (
				391FE2A022D808AE0078BC00 /* C0751731_MidTerm_MAD3115S2019 */,
				391FE29F22D808AE0078BC00 /* Products */,
			);
			sourceTree = "<group>";
		};
		391FE29F22D808AE0078BC00 /* Products */ = {
			isa = PBXGroup;
			children = (
				391FE29E22D808AE0078BC00 /* C0751731_MidTerm_MAD3115S2019.app */,
			);
			name = Products;
			sourceTree = "<group>";
		};
		391FE2A022D808AE0078BC00 /* C0751731_MidTerm_MAD3115S2019 */ = {
			isa = PBXGroup;
			children = (
				391FE2BB22D80F160078BC00 /* 43-435421_abstract-png-high-quality-image-blue-background-for.png */,
				391FE2B922D80E650078BC00 /* 5acbd9a8f1c84_thumb900.png */,
				391FE2B722D80D190078BC00 /* icons8-reading-50.png */,
				391FE2B522D80CA20078BC00 /* pngtree-hard-textured-strokes-rose-dan-gold-color-png-image_1532285.jpg */,
				391FE2B322D80B450078BC00 /* icons8-check-50.png */,
				391FE2A122D808AE0078BC00 /* AppDelegate.swift */,
				391FE2A322D808AE0078BC00 /* ViewController.swift */,
				391FE2A522D808AE0078BC00 /* Main.storyboard */,
				391FE2A822D808AE0078BC00 /* Assets.xcassets */,
				391FE2AA22D808AE0078BC00 /* LaunchScreen.storyboard */,
				391FE2AD22D808AE0078BC00 /* Info.plist */,
			);
			path = C0751731_MidTerm_MAD3115S2019;
			sourceTree = "<group>";
		};
/* End PBXGroup section */

/* Begin PBXNativeTarget section */
		391FE29D22D808AE0078BC00 /* C0751731_MidTerm_MAD3115S2019 */ = {
			isa = PBXNativeTarget;
			buildConfigurationList = 391FE2B022D808AE0078BC00 /* Build configuration list for PBXNativeTarget "C0751731_MidTerm_MAD3115S2019" */;
			buildPhases = (
				391FE29A22D808AE0078BC00 /* Sources */,
				391FE29B22D808AE0078BC00 /* Frameworks */,
				391FE29C22D808AE0078BC00 /* Resources */,
			);
			buildRules = (
			);
			dependencies = (
			);
			name = C0751731_MidTerm_MAD3115S2019;
			productName = C0751731_MidTerm_MAD3115S2019;
			productReference = 391FE29E22D808AE0078BC00 /* C0751731_MidTerm_MAD3115S2019.app */;
			productType = "com.apple.product-type.application";
		};
/* End PBXNativeTarget section */

/* Begin PBXProject section */
		391FE29622D808AE0078BC00 /* Project object */ = {
			isa = PBXProject;
			attributes = {
				LastSwiftUpdateCheck = 0920;
				LastUpgradeCheck = 0920;
				ORGANIZATIONNAME = "Shivani Dhiman";
				TargetAttributes = {
					391FE29D22D808AE0078BC00 = {
						CreatedOnToolsVersion = 9.2;
						ProvisioningStyle = Automatic;
					};
				};
			};
			buildConfigurationList = 391FE29922D808AE0078BC00 /* Build configuration list for PBXProject "C0751731_MidTerm_MAD3115S2019" */;
			compatibilityVersion = "Xcode 8.0";
			developmentRegion = en;
			hasScannedForEncodings = 0;
			knownRegions = (
				en,
				Base,
			);
			mainGroup = 391FE29522D808AE0078BC00;
			productRefGroup = 391FE29F22D808AE0078BC00 /* Products */;
			projectDirPath = "";
			projectRoot = "";
			targets = (
				391FE29D22D808AE0078BC00 /* C0751731_MidTerm_MAD3115S2019 */,
			);
		};
/* End PBXProject section */

/* Begin PBXResourcesBuildPhase section */
		391FE29C22D808AE0078BC00 /* Resources */ = {
			isa = PBXResourcesBuildPhase;
			buildActionMask = 2147483647;
			files = (
				391FE2AC22D808AE0078BC00 /* LaunchScreen.storyboard in Resources */,
				391FE2A922D808AE0078BC00 /* Assets.xcassets in Resources */,
				391FE2A722D808AE0078BC00 /* Main.storyboard in Resources */,
				391FE2BC22D80F160078BC00 /* 43-435421_abstract-png-high-quality-image-blue-background-for.png in Resources */,
				391FE2B422D80B460078BC00 /* icons8-check-50.png in Resources */,
				391FE2B622D80CA20078BC00 /* pngtree-hard-textured-strokes-rose-dan-gold-color-png-image_1532285.jpg in Resources */,
				391FE2BA22D80E650078BC00 /* 5acbd9a8f1c84_thumb900.png in Resources */,
				391FE2B822D80D190078BC00 /* icons8-reading-50.png in Resources */,
			);
			runOnlyForDeploymentPostprocessing = 0;
		};
/* End PBXResourcesBuildPhase section */

/* Begin PBXSourcesBuildPhase section */
		391FE29A22D808AE0078BC00 /* Sources */ = {
			isa = PBXSourcesBuildPhase;
			buildActionMask = 2147483647;
			files = (
				391FE2A422D808AE0078BC00 /* ViewController.swift in Sources */,
				391FE2A222D808AE0078BC00 /* AppDelegate.swift in Sources */,
			);
			runOnlyForDeploymentPostprocessing = 0;
		};
/* End PBXSourcesBuildPhase section */

/* Begin PBXVariantGroup section */
		391FE2A522D808AE0078BC00 /* Main.storyboard */ = {
			isa = PBXVariantGroup;
			children = (
				391FE2A622D808AE0078BC00 /* Base */,
			);
			name = Main.storyboard;
			sourceTree = "<group>";
		};
		391FE2AA22D808AE0078BC00 /* LaunchScreen.storyboard */ = {
			isa = PBXVariantGroup;
			children = (
				391FE2AB22D808AE0078BC00 /* Base */,
			);
			name = LaunchScreen.storyboard;
			sourceTree = "<group>";
		};
/* End PBXVariantGroup section */

/* Begin XCBuildConfiguration section */
		391FE2AE22D808AE0078BC00 /* Debug */ = {
			isa = XCBuildConfiguration;
			buildSettings = {
				ALWAYS_SEARCH_USER_PATHS = NO;
				CLANG_ANALYZER_NONNULL = YES;
				CLANG_ANALYZER_NUMBER_OBJECT_CONVERSION = YES_AGGRESSIVE;
				CLANG_CXX_LANGUAGE_STANDARD = "gnu++14";
				CLANG_CXX_LIBRARY = "libc++";
				CLANG_ENABLE_MODULES = YES;
				CLANG_ENABLE_OBJC_ARC = YES;
				CLANG_WARN_BLOCK_CAPTURE_AUTORELEASING = YES;
				CLANG_WARN_BOOL_CONVERSION = YES;
				CLANG_WARN_COMMA = YES;
				CLANG_WARN_CONSTANT_CONVERSION = YES;
				CLANG_WARN_DIRECT_OBJC_ISA_USAGE = YES_ERROR;
				CLANG_WARN_DOCUMENTATION_COMMENTS = YES;
				CLANG_WARN_EMPTY_BODY = YES;
				CLANG_WARN_ENUM_CONVERSION = YES;
				CLANG_WARN_INFINITE_RECURSION = YES;
				CLANG_WARN_INT_CONVERSION = YES;
				CLANG_WARN_NON_LITERAL_NULL_CONVERSION = YES;
				CLANG_WARN_OBJC_LITERAL_CONVERSION = YES;
				CLANG_WARN_OBJC_ROOT_CLASS = YES_ERROR;
				CLANG_WARN_RANGE_LOOP_ANALYSIS = YES;
				CLANG_WARN_STRICT_PROTOTYPES = YES;
				CLANG_WARN_SUSPICIOUS_MOVE = YES;
				CLANG_WARN_UNGUARDED_AVAILABILITY = YES_AGGRESSIVE;
				CLANG_WARN_UNREACHABLE_CODE = YES;
				CLANG_WARN__DUPLICATE_METHOD_MATCH = YES;
				CODE_SIGN_IDENTITY = "iPhone Developer";
				COPY_PHASE_STRIP = NO;
				DEBUG_INFORMATION_FORMAT = dwarf;
				ENABLE_STRICT_OBJC_MSGSEND = YES;
				ENABLE_TESTABILITY = YES;
				GCC_C_LANGUAGE_STANDARD = gnu11;
				GCC_DYNAMIC_NO_PIC = NO;
				GCC_NO_COMMON_BLOCKS = YES;
				GCC_OPTIMIZATION_LEVEL = 0;
				GCC_PREPROCESSOR_DEFINITIONS = (
					"DEBUG=1",
					"$(inherited)",
				);
				GCC_WARN_64_TO_32_BIT_CONVERSION = YES;
				GCC_WARN_ABOUT_RETURN_TYPE = YES_ERROR;
				GCC_WARN_UNDECLARED_SELECTOR = YES;
				GCC_WARN_UNINITIALIZED_AUTOS = YES_AGGRESSIVE;
				GCC_WARN_UNUSED_FUNCTION = YES;
				GCC_WARN_UNUSED_VARIABLE = YES;
				IPHONEOS_DEPLOYMENT_TARGET = 11.2;
				MTL_ENABLE_DEBUG_INFO = YES;
				ONLY_ACTIVE_ARCH = YES;
				SDKROOT = iphoneos;
				SWIFT_ACTIVE_COMPILATION_CONDITIONS = DEBUG;
				SWIFT_OPTIMIZATION_LEVEL = "-Onone";
			};
			name = Debug;
		};
		391FE2AF22D808AE0078BC00 /* Release */ = {
			isa = XCBuildConfiguration;
			buildSettings = {
				ALWAYS_SEARCH_USER_PATHS = NO;
				CLANG_ANALYZER_NONNULL = YES;
				CLANG_ANALYZER_NUMBER_OBJECT_CONVERSION = YES_AGGRESSIVE;
				CLANG_CXX_LANGUAGE_STANDARD = "gnu++14";
				CLANG_CXX_LIBRARY = "libc++";
				CLANG_ENABLE_MODULES = YES;
				CLANG_ENABLE_OBJC_ARC = YES;
				CLANG_WARN_BLOCK_CAPTURE_AUTORELEASING = YES;
				CLANG_WARN_BOOL_CONVERSION = YES;
				CLANG_WARN_COMMA = YES;
				CLANG_WARN_CONSTANT_CONVERSION = YES;
				CLANG_WARN_DIRECT_OBJC_ISA_USAGE = YES_ERROR;
				CLANG_WARN_DOCUMENTATION_COMMENTS = YES;
				CLANG_WARN_EMPTY_BODY = YES;
				CLANG_WARN_ENUM_CONVERSION = YES;
				CLANG_WARN_INFINITE_RECURSION = YES;
				CLANG_WARN_INT_CONVERSION = YES;
				CLANG_WARN_NON_LITERAL_NULL_CONVERSION = YES;
				CLANG_WARN_OBJC_LITERAL_CONVERSION = YES;
				CLANG_WARN_OBJC_ROOT_CLASS = YES_ERROR;
				CLANG_WARN_RANGE_LOOP_ANALYSIS = YES;
				CLANG_WARN_STRICT_PROTOTYPES = YES;
				CLANG_WARN_SUSPICIOUS_MOVE = YES;
				CLANG_WARN_UNGUARDED_AVAILABILITY = YES_AGGRESSIVE;
				CLANG_WARN_UNREACHABLE_CODE = YES;
				CLANG_WARN__DUPLICATE_METHOD_MATCH = YES;
				CODE_SIGN_IDENTITY = "iPhone Developer";
				COPY_PHASE_STRIP = NO;
				DEBUG_INFORMATION_FORMAT = "dwarf-with-dsym";
				ENABLE_NS_ASSERTIONS = NO;
				ENABLE_STRICT_OBJC_MSGSEND = YES;
				GCC_C_LANGUAGE_STANDARD = gnu11;
				GCC_NO_COMMON_BLOCKS = YES;
				GCC_WARN_64_TO_32_BIT_CONVERSION = YES;
				GCC_WARN_ABOUT_RETURN_TYPE = YES_ERROR;
				GCC_WARN_UNDECLARED_SELECTOR = YES;
				GCC_WARN_UNINITIALIZED_AUTOS = YES_AGGRESSIVE;
				GCC_WARN_UNUSED_FUNCTION = YES;
				GCC_WARN_UNUSED_VARIABLE = YES;
				IPHONEOS_DEPLOYMENT_TARGET = 11.2;
				MTL_ENABLE_DEBUG_INFO = NO;
				SDKROOT = iphoneos;
				SWIFT_OPTIMIZATION_LEVEL = "-Owholemodule";
				VALIDATE_PRODUCT = YES;
			};
			name = Release;
		};
		391FE2B122D808AE0078BC00 /* Debug */ = {
			isa = XCBuildConfiguration;
			buildSettings = {
				ASSETCATALOG_COMPILER_APPICON_NAME = AppIcon;
				CODE_SIGN_STYLE = Automatic;
				INFOPLIST_FILE = C0751731_MidTerm_MAD3115S2019/Info.plist;
				LD_RUNPATH_SEARCH_PATHS = "$(inherited) @executable_path/Frameworks";
				PRODUCT_BUNDLE_IDENTIFIER = "Shivani.C0751731-MidTerm-MAD3115S2019";
				PRODUCT_NAME = "$(TARGET_NAME)";
				SWIFT_VERSION = 4.0;
				TARGETED_DEVICE_FAMILY = "1,2";
			};
			name = Debug;
		};
		391FE2B222D808AE0078BC00 /* Release */ = {
			isa = XCBuildConfiguration;
			buildSettings = {
				ASSETCATALOG_COMPILER_APPICON_NAME = AppIcon;
				CODE_SIGN_STYLE = Automatic;
				INFOPLIST_FILE = C0751731_MidTerm_MAD3115S2019/Info.plist;
				LD_RUNPATH_SEARCH_PATHS = "$(inherited) @executable_path/Frameworks";
				PRODUCT_BUNDLE_IDENTIFIER = "Shivani.C0751731-MidTerm-MAD3115S2019";
				PRODUCT_NAME = "$(TARGET_NAME)";
				SWIFT_VERSION = 4.0;
				TARGETED_DEVICE_FAMILY = "1,2";
			};
			name = Release;
		};
/* End XCBuildConfiguration section */

/* Begin XCConfigurationList section */
		391FE29922D808AE0078BC00 /* Build configuration list for PBXProject "C0751731_MidTerm_MAD3115S2019" */ = {
			isa = XCConfigurationList;
			buildConfigurations = (
				391FE2AE22D808AE0078BC00 /* Debug */,
				391FE2AF22D808AE0078BC00 /* Release */,
			);
			defaultConfigurationIsVisible = 0;
			defaultConfigurationName = Release;
		};
		391FE2B022D808AE0078BC00 /* Build configuration list for PBXNativeTarget "C0751731_MidTerm_MAD3115S2019" */ = {
			isa = XCConfigurationList;
			buildConfigurations = (
				391FE2B122D808AE0078BC00 /* Debug */,
				391FE2B222D808AE0078BC00 /* Release */,
			);
			defaultConfigurationIsVisible = 0;
			defaultConfigurationName = Release;
		};
/* End XCConfigurationList section */
	};
	rootObject = 391FE29622D808AE0078BC00 /* Project object */;
}
